
Microsoft Visual Studio Solution File, Format Version 12.00
# Visual Studio Version 16
VisualStudioVersion = 16.0.29509.3
MinimumVisualStudioVersion = 10.0.40219.1
Project("{FAE04EC0-301F-11D3-BF4B-00C04F79EFBC}") = "Lab10_4InterfacesMusicPlayer", "Lab10_4InterfacesMusicPlayer.csproj", "{AC48AF60-BFAD-4404-8A1D-4ECD43CC1995}"
EndProject
Global
	GlobalSection(SolutionConfigurationPlatforms) = preSolution
		Debug|Any CPU = Debug|Any CPU
		Release|Any CPU = Release|Any CPU
	EndGlobalSection
	GlobalSection(ProjectConfigurationPlatforms) = postSolution
		{AC48AF60-BFAD-4404-8A1D-4ECD43CC1995}.Debug|Any CPU.ActiveCfg = Debug|Any CPU
		{AC48AF60-BFAD-4404-8A1D-4ECD43CC1995}.Debug|Any CPU.Build.0 = Debug|Any CPU
		{AC48AF60-BFAD-4404-8A1D-4ECD43CC1995}.Release|Any CPU.ActiveCfg = Release|Any CPU
		{AC48AF60-BFAD-4404-8A1D-4ECD43CC1995}.Release|Any CPU.Build.0 = Release|Any CPU
	EndGlobalSection
	GlobalSection(SolutionProperties) = preSolution
		HideSolutionNode = FALSE
	EndGlobalSection
	GlobalSection(ExtensibilityGlobals) = postSolution
		SolutionGuid = {0D96DB65-7245-4070-8622-6855B8290B68}
	EndGlobalSection
EndGlobal
